{
  "originHash" : "86e2837f326a659028783358ea9ae0eb736202dc938f12797df0fa23ca467f0e",
  "pins" : [
    {
      "identity" : "prettyformatter",
      "kind" : "remoteSourceControl",
      "location" : "https://github.com/yu3san3/PrettyFormatter",
      "state" : {
        "revision" : "e6c49260e6771772e88cbd7a11616b7a04c68fa4",
        "version" : "0.1.0"
      }
    }
  ],
  "version" : 3
}
